
Microsoft Visual Studio Solution File, Format Version 12.00
# Visual Studio Version 17
VisualStudioVersion = 17.3.32922.545
MinimumVisualStudioVersion = 10.0.40219.1
Project("{FAE04EC0-301F-11D3-BF4B-00C04F79EFBC}") = "oggtomp3", "oggtomp3.csproj", "{D6D4C70D-31D9-4D4D-99D3-52BA408451C6}"
EndProject
Global
	GlobalSection(SolutionConfigurationPlatforms) = preSolution
		Debug|Any CPU = Debug|Any CPU
		Release|Any CPU = Release|Any CPU
	EndGlobalSection
	GlobalSection(ProjectConfigurationPlatforms) = postSolution
		{D6D4C70D-31D9-4D4D-99D3-52BA408451C6}.Debug|Any CPU.ActiveCfg = Debug|Any CPU
		{D6D4C70D-31D9-4D4D-99D3-52BA408451C6}.Debug|Any CPU.Build.0 = Debug|Any CPU
		{D6D4C70D-31D9-4D4D-99D3-52BA408451C6}.Release|Any CPU.ActiveCfg = Release|Any CPU
		{D6D4C70D-31D9-4D4D-99D3-52BA408451C6}.Release|Any CPU.Build.0 = Release|Any CPU
	EndGlobalSection
	GlobalSection(SolutionProperties) = preSolution
		HideSolutionNode = FALSE
	EndGlobalSection
	GlobalSection(ExtensibilityGlobals) = postSolution
		SolutionGuid = {A9BEC8D7-B46F-4E5F-997A-3A95BA065858}
	EndGlobalSection
EndGlobal
